<?xml version="1.0" encoding="utf-8"?>
<Project ToolsVersion="4.0" xmlns="http://schemas.microsoft.com/developer/msbuild/2003">
  <ItemGroup>
    <Filter Include="Source Files">
      <UniqueIdentifier>{4FC737F1-C7A5-4376-A066-2A32D752A2FF}</UniqueIdentifier>
      <Extensions>cpp;c;cc;cxx;def;odl;idl;hpj;bat;asm;asmx</Extensions>
    </Filter>
    <Filter Include="Header Files">
      <UniqueIdentifier>{93995380-89BD-4b04-88EB-625FBE52EBFB}</UniqueIdentifier>
      <Extensions>h;hh;hpp;hxx;hm;inl;inc;xsd</Extensions>
    </Filter>
    <Filter Include="Resource Files">
      <UniqueIdentifier>{67DA6AB6-F800-4c08-8B7A-83BB121AAD01}</UniqueIdentifier>
      <Extensions>rc;ico;cur;bmp;dlg;rc2;rct;bin;rgs;gif;jpg;jpeg;jpe;resx;tiff;tif;png;wav;mfcribbon-ms</Extensions>
    </Filter>
  </ItemGroup>
  <ItemGroup>
    <Text Include="..\..\..\..\%27Personal%27_%27Files%27\Refregitz\refrigitz 12\refrigitz 12\ReadMe.txt" />
    <Text Include="..\..\..\..\%27Personal%27_%27Files%27\Refregitz\refrigitz 12\ReadMe.txt" />
  </ItemGroup>
  <ItemGroup>
    <None Include="C:\Users\TechnologyLover\Desktop\New folder\App.config" />
    <None Include="C:\Users\TechnologyLover\Desktop\New folder\packages.config" />
    <None Include="..\..\..\..\%27Personal%27_%27Files%27\Refregitz\refrigitz 12\App.config" />
    <None Include="..\..\..\..\%27Personal%27_%27Files%27\Refregitz\refrigitz 12\packages.config" />
    <None Include="..\..\..\..\%27Personal%27_%27Files%27\Refregitz\refrigitz 12\refrigitz 12.vcxproj" />
    <None Include="..\..\..\..\%27Personal%27_%27Files%27\Refregitz\refrigitz 12\refrigitz 12.vcxproj.filters" />
    <None Include="C:\Users\TechnologyLover\Desktop\New folder\GalleryStudio_1_TemporaryKey.pfx" />
    <None Include="C:\Users\TechnologyLover\Desktop\New folder\GalleryStudio_TemporaryKey.pfx" />
    <None Include="..\..\..\..\%27Personal%27_%27Files%27\Refregitz\refrigitz 12\GalleryStudio_1_TemporaryKey.pfx" />
    <None Include="..\..\..\..\%27Personal%27_%27Files%27\Refregitz\refrigitz 12\GalleryStudio_TemporaryKey.pfx" />
  </ItemGroup>
  <ItemGroup>
    <ClCompile Include="..\..\..\..\%27Personal%27_%27Files%27\Refregitz\refrigitz 12\AllDraw.cpp">
      <Filter>Source Files</Filter>
    </ClCompile>
    <ClCompile Include="..\..\..\..\%27Personal%27_%27Files%27\Refregitz\refrigitz 12\ChessRules.cpp">
      <Filter>Source Files</Filter>
    </ClCompile>
    <ClCompile Include="..\..\..\..\%27Personal%27_%27Files%27\Refregitz\refrigitz 12\DrawCastle.cpp">
      <Filter>Source Files</Filter>
    </ClCompile>
    <ClCompile Include="..\..\..\..\%27Personal%27_%27Files%27\Refregitz\refrigitz 12\DrawElefant.cpp">
      <Filter>Source Files</Filter>
    </ClCompile>
    <ClCompile Include="..\..\..\..\%27Personal%27_%27Files%27\Refregitz\refrigitz 12\DrawHourse.cpp">
      <Filter>Source Files</Filter>
    </ClCompile>
    <ClCompile Include="..\..\..\..\%27Personal%27_%27Files%27\Refregitz\refrigitz 12\DrawKing.cpp">
      <Filter>Source Files</Filter>
    </ClCompile>
    <ClCompile Include="..\..\..\..\%27Personal%27_%27Files%27\Refregitz\refrigitz 12\DrawMinister.cpp">
      <Filter>Source Files</Filter>
    </ClCompile>
    <ClCompile Include="..\..\..\..\%27Personal%27_%27Files%27\Refregitz\refrigitz 12\DrawSoldire.cpp">
      <Filter>Source Files</Filter>
    </ClCompile>
    <ClCompile Include="..\..\..\..\%27Personal%27_%27Files%27\Refregitz\refrigitz 12\stdafx.cpp">
      <Filter>Source Files</Filter>
    </ClCompile>
    <ClCompile Include="..\..\..\..\%27Personal%27_%27Files%27\Refregitz\refrigitz 12\ThingsConverter.cpp">
      <Filter>Source Files</Filter>
    </ClCompile>
    <ClCompile Include="..\..\..\..\%27Personal%27_%27Files%27\Refregitz\refrigitz 12\ThinkingChess.cpp">
      <Filter>Source Files</Filter>
    </ClCompile>
    <ClCompile Include="..\LearningKrinskyAtamata.cpp">
      <Filter>Source Files</Filter>
    </ClCompile>
    <ClCompile Include="C:\Users\TechnologyLover\Desktop\Refregitz_Speed_Up_CLASS_LIBRARY_Source_Code_Update\Refregitz\stockfish8\uci.cpp">
      <Filter>Source Files</Filter>
    </ClCompile>
    <ClCompile Include="C:\Users\TechnologyLover\Desktop\Refregitz_Speed_Up_CLASS_LIBRARY_Source_Code_Update\Refregitz\stockfish8\main.cpp">
      <Filter>Source Files</Filter>
    </ClCompile>
    <ClCompile Include="C:\Users\TechnologyLover\Desktop\Refregitz_Speed_Up_CLASS_LIBRARY_Source_Code_Update\Refregitz\stockfish8\bitboard.cpp">
      <Filter>Source Files</Filter>
    </ClCompile>
    <ClCompile Include="C:\Users\TechnologyLover\Desktop\Refregitz_Speed_Up_CLASS_LIBRARY_Source_Code_Update\Refregitz\stockfish8\bitbase.cpp">
      <Filter>Source Files</Filter>
    </ClCompile>
    <ClCompile Include="C:\Users\TechnologyLover\Desktop\Refregitz_Speed_Up_CLASS_LIBRARY_Source_Code_Update\Refregitz\stockfish8\search.cpp">
      <Filter>Source Files</Filter>
    </ClCompile>
    <ClCompile Include="C:\Users\TechnologyLover\Desktop\Refregitz_Speed_Up_CLASS_LIBRARY_Source_Code_Update\Refregitz\stockfish8\tt.cpp">
      <Filter>Source Files</Filter>
    </ClCompile>
    <ClCompile Include="C:\Users\TechnologyLover\Desktop\Refregitz_Speed_Up_CLASS_LIBRARY_Source_Code_Update\Refregitz\stockfish8\thread.cpp">
      <Filter>Source Files</Filter>
    </ClCompile>
    <ClCompile Include="C:\Users\TechnologyLover\Desktop\Refregitz_Speed_Up_CLASS_LIBRARY_Source_Code_Update\Refregitz\stockfish8\pawns.cpp">
      <Filter>Source Files</Filter>
    </ClCompile>
    <ClCompile Include="C:\Users\TechnologyLover\Desktop\Refregitz_Speed_Up_CLASS_LIBRARY_Source_Code_Update\Refregitz\stockfish8\timeman.cpp">
      <Filter>Source Files</Filter>
    </ClCompile>
    <ClCompile Include="C:\Users\TechnologyLover\Desktop\Refregitz_Speed_Up_CLASS_LIBRARY_Source_Code_Update\Refregitz\stockfish8\movegen.cpp">
      <Filter>Source Files</Filter>
    </ClCompile>
    <ClCompile Include="C:\Users\TechnologyLover\Desktop\Refregitz_Speed_Up_CLASS_LIBRARY_Source_Code_Update\Refregitz\stockfish8\evaluate.cpp">
      <Filter>Source Files</Filter>
    </ClCompile>
  </ItemGroup>
  <ItemGroup>
    <ClInclude Include="..\..\..\..\%27Personal%27_%27Files%27\Refregitz\refrigitz 12\AllDraw.h">
      <Filter>Header Files</Filter>
    </ClInclude>
    <ClInclude Include="..\..\..\..\%27Personal%27_%27Files%27\Refregitz\refrigitz 12\ChessRules.h">
      <Filter>Header Files</Filter>
    </ClInclude>
    <ClInclude Include="..\..\..\..\%27Personal%27_%27Files%27\Refregitz\refrigitz 12\DrawCastle.h">
      <Filter>Header Files</Filter>
    </ClInclude>
    <ClInclude Include="..\..\..\..\%27Personal%27_%27Files%27\Refregitz\refrigitz 12\DrawElefant.h">
      <Filter>Header Files</Filter>
    </ClInclude>
    <ClInclude Include="..\..\..\..\%27Personal%27_%27Files%27\Refregitz\refrigitz 12\DrawHourse.h">
      <Filter>Header Files</Filter>
    </ClInclude>
    <ClInclude Include="..\..\..\..\%27Personal%27_%27Files%27\Refregitz\refrigitz 12\DrawKing.h">
      <Filter>Header Files</Filter>
    </ClInclude>
    <ClInclude Include="..\..\..\..\%27Personal%27_%27Files%27\Refregitz\refrigitz 12\DrawMinister.h">
      <Filter>Header Files</Filter>
    </ClInclude>
    <ClInclude Include="..\..\..\..\%27Personal%27_%27Files%27\Refregitz\refrigitz 12\DrawSoldire.h">
      <Filter>Header Files</Filter>
    </ClInclude>
    <ClInclude Include="..\..\..\..\%27Personal%27_%27Files%27\Refregitz\refrigitz 12\stdafx.h">
      <Filter>Header Files</Filter>
    </ClInclude>
    <ClInclude Include="..\..\..\..\%27Personal%27_%27Files%27\Refregitz\refrigitz 12\targetver.h">
      <Filter>Header Files</Filter>
    </ClInclude>
    <ClInclude Include="..\..\..\..\%27Personal%27_%27Files%27\Refregitz\refrigitz 12\ThingsConverter.h">
      <Filter>Header Files</Filter>
    </ClInclude>
    <ClInclude Include="..\..\..\..\%27Personal%27_%27Files%27\Refregitz\refrigitz 12\ThinkingChess.h">
      <Filter>Header Files</Filter>
    </ClInclude>
    <ClInclude Include="..\LearningKrinskyAtamata.h">
      <Filter>Header Files</Filter>
    </ClInclude>
    <ClInclude Include="..\StringConverterHelper.h">
      <Filter>Header Files</Filter>
    </ClInclude>
    <ClInclude Include="C:\Users\TechnologyLover\Desktop\Refregitz_Speed_Up_CLASS_LIBRARY_Source_Code_Update\Refregitz\stockfish8\uci.h">
      <Filter>Header Files</Filter>
    </ClInclude>
    <ClInclude Include="C:\Users\TechnologyLover\Desktop\Refregitz_Speed_Up_CLASS_LIBRARY_Source_Code_Update\Refregitz\stockfish8\types.h">
      <Filter>Header Files</Filter>
    </ClInclude>
    <ClInclude Include="C:\Users\TechnologyLover\Desktop\Refregitz_Speed_Up_CLASS_LIBRARY_Source_Code_Update\Refregitz\stockfish8\bitboard.h">
      <Filter>Header Files</Filter>
    </ClInclude>
    <ClInclude Include="C:\Users\TechnologyLover\Desktop\Refregitz_Speed_Up_CLASS_LIBRARY_Source_Code_Update\Refregitz\stockfish8\search.h">
      <Filter>Header Files</Filter>
    </ClInclude>
    <ClInclude Include="C:\Users\TechnologyLover\Desktop\Refregitz_Speed_Up_CLASS_LIBRARY_Source_Code_Update\Refregitz\stockfish8\tt.h">
      <Filter>Header Files</Filter>
    </ClInclude>
    <ClInclude Include="C:\Users\TechnologyLover\Desktop\Refregitz_Speed_Up_CLASS_LIBRARY_Source_Code_Update\Refregitz\stockfish8\thread.h">
      <Filter>Header Files</Filter>
    </ClInclude>
    <ClInclude Include="C:\Users\TechnologyLover\Desktop\Refregitz_Speed_Up_CLASS_LIBRARY_Source_Code_Update\Refregitz\stockfish8\pawns.h">
      <Filter>Header Files</Filter>
    </ClInclude>
    <ClInclude Include="C:\Users\TechnologyLover\Desktop\Refregitz_Speed_Up_CLASS_LIBRARY_Source_Code_Update\Refregitz\stockfish8\timeman.h">
      <Filter>Header Files</Filter>
    </ClInclude>
    <ClInclude Include="C:\Users\TechnologyLover\Desktop\Refregitz_Speed_Up_CLASS_LIBRARY_Source_Code_Update\Refregitz\stockfish8\movegen.h">
      <Filter>Header Files</Filter>
    </ClInclude>
    <ClInclude Include="C:\Users\TechnologyLover\Desktop\Refregitz_Speed_Up_CLASS_LIBRARY_Source_Code_Update\Refregitz\stockfish8\evaluate.h">
      <Filter>Header Files</Filter>
    </ClInclude>
  </ItemGroup>
</Project>